
Microsoft Visual Studio Solution File, Format Version 12.00
# Visual Studio 15
VisualStudioVersion = 15.0.28010.2019
MinimumVisualStudioVersion = 10.0.40219.1
Project("{888888A0-9F3D-457C-B088-3A5042F75D52}") = "BT2", "BT2\BT2.pyproj", "{23BBA6F4-B221-4113-BCDB-EEA9F436C5D1}"
EndProject
Global
	GlobalSection(SolutionConfigurationPlatforms) = preSolution
		Debug|Any CPU = Debug|Any CPU
		Release|Any CPU = Release|Any CPU
	EndGlobalSection
	GlobalSection(ProjectConfigurationPlatforms) = postSolution
		{23BBA6F4-B221-4113-BCDB-EEA9F436C5D1}.Debug|Any CPU.ActiveCfg = Debug|Any CPU
		{23BBA6F4-B221-4113-BCDB-EEA9F436C5D1}.Release|Any CPU.ActiveCfg = Release|Any CPU
	EndGlobalSection
	GlobalSection(SolutionProperties) = preSolution
		HideSolutionNode = FALSE
	EndGlobalSection
	GlobalSection(ExtensibilityGlobals) = postSolution
		SolutionGuid = {97DD80EB-32F9-4ABA-9E3E-C43E5B80950B}
	EndGlobalSection
EndGlobal
